{
  "requires": true,
  "lockfileVersion": 1,
  "dependencies": {
    "talkjs": {
      "version": "0.15.0",
      "resolved": "https://registry.npmjs.org/talkjs/-/talkjs-0.15.0.tgz",
      "integrity": "sha512-PKgQZ5LUuogehuFvsPj+yFT6oCud4uD5PvlNw5gg91+8TfCHcVjS1uKjTiLjfNPjsCLViG0z1oN/Kp4subXcpw=="
    }
  }
}
